<?xml version="1.0" encoding="utf-8"?>
<Project ToolsVersion="4.0" xmlns="http://schemas.microsoft.com/developer/msbuild/2003">
  <ItemGroup>
    <Filter Include="Source Files">
      <UniqueIdentifier>{4FC737F1-C7A5-4376-A066-2A32D752A2FF}</UniqueIdentifier>
      <Extensions>cpp;c;cc;cxx;def;odl;idl;hpj;bat;asm;asmx</Extensions>
    </Filter>
    <Filter Include="Header Files">
      <UniqueIdentifier>{93995380-89BD-4b04-88EB-625FBE52EBFB}</UniqueIdentifier>
      <Extensions>h;hh;hpp;hxx;hm;inl;inc;xsd</Extensions>
    </Filter>
    <Filter Include="Resource Files">
      <UniqueIdentifier>{67DA6AB6-F800-4c08-8B7A-83BB121AAD01}</UniqueIdentifier>
      <Extensions>rc;ico;cur;bmp;dlg;rc2;rct;bin;rgs;gif;jpg;jpeg;jpe;resx;tiff;tif;png;wav;mfcribbon-ms</Extensions>
    </Filter>
  </ItemGroup>
  <ItemGroup>
    <ClCompile Include="InstructionMemory.cpp">
      <Filter>Source Files</Filter>
    </ClCompile>
    <ClCompile Include="DataMemory.cpp">
      <Filter>Source Files</Filter>
    </ClCompile>
    <ClCompile Include="Processor.cpp">
      <Filter>Source Files</Filter>
    </ClCompile>
    <ClCompile Include="Main.cpp">
      <Filter>Source Files</Filter>
    </ClCompile>
    <ClCompile Include="ADD.cpp">
      <Filter>Source Files</Filter>
    </ClCompile>
    <ClCompile Include="Executor.cpp">
      <Filter>Source Files</Filter>
    </ClCompile>
    <ClCompile Include="MUL.cpp">
      <Filter>Source Files</Filter>
    </ClCompile>
    <ClCompile Include="LE.cpp">
      <Filter>Source Files</Filter>
    </ClCompile>
    <ClCompile Include="NEG.cpp">
      <Filter>Source Files</Filter>
    </ClCompile>
    <ClCompile Include="ASS.cpp">
      <Filter>Source Files</Filter>
    </ClCompile>
    <ClCompile Include="JMP0.cpp">
      <Filter>Source Files</Filter>
    </ClCompile>
    <ClCompile Include="JMP.cpp">
      <Filter>Source Files</Filter>
    </ClCompile>
    <ClCompile Include="READ.cpp">
      <Filter>Source Files</Filter>
    </ClCompile>
    <ClCompile Include="WRITE.cpp">
      <Filter>Source Files</Filter>
    </ClCompile>
  </ItemGroup>
  <ItemGroup>
    <ClInclude Include="InstructionMemory.h">
      <Filter>Source Files</Filter>
    </ClInclude>
    <ClInclude Include="DataMemory.h">
      <Filter>Source Files</Filter>
    </ClInclude>
    <ClInclude Include="processor.h">
      <Filter>Source Files</Filter>
    </ClInclude>
    <ClInclude Include="ADD.h">
      <Filter>Source Files</Filter>
    </ClInclude>
    <ClInclude Include="Executor.h">
      <Filter>Source Files</Filter>
    </ClInclude>
    <ClInclude Include="MUL.h">
      <Filter>Source Files</Filter>
    </ClInclude>
    <ClInclude Include="LE.h">
      <Filter>Source Files</Filter>
    </ClInclude>
    <ClInclude Include="NEG.h">
      <Filter>Source Files</Filter>
    </ClInclude>
    <ClInclude Include="ASS.h">
      <Filter>Source Files</Filter>
    </ClInclude>
    <ClInclude Include="JMP0.h">
      <Filter>Source Files</Filter>
    </ClInclude>
    <ClInclude Include="JMP.h">
      <Filter>Source Files</Filter>
    </ClInclude>
    <ClInclude Include="READ.h">
      <Filter>Source Files</Filter>
    </ClInclude>
    <ClInclude Include="WRITE.h">
      <Filter>Source Files</Filter>
    </ClInclude>
  </ItemGroup>
  <ItemGroup>
    <Text Include="Program3.txt">
      <Filter>Source Files</Filter>
    </Text>
    <Text Include="Program2.txt">
      <Filter>Source Files</Filter>
    </Text>
    <Text Include="Program1.txt">
      <Filter>Source Files</Filter>
    </Text>
  </ItemGroup>
</Project>